// !$*UTF8*$!
{
	archiveVersion = 1;
	classes = {
	};
	objectVersion = 50;
	objects = {

/* Begin PBXBuildFile section */
		8B0C488626AEF6A700BAFAD9 /* 8. 병합정렬(Merge Sort).swift in Sources */ = {isa = PBXBuildFile; fileRef = 8B0C488526AEF6A700BAFAD9 /* 8. 병합정렬(Merge Sort).swift */; };
		8B2E6BF526A16A4000321A47 /* main.swift in Sources */ = {isa = PBXBuildFile; fileRef = 8B2E6BF426A16A4000321A47 /* main.swift */; };
		8B2E6C0626A40EDE00321A47 /* 2. 선택정렬(Selection Sort).swift in Sources */ = {isa = PBXBuildFile; fileRef = 8B2E6C0526A40EDE00321A47 /* 2. 선택정렬(Selection Sort).swift */; };
		8B2E6C0826A41D0E00321A47 /* 3. 버블정렬(Bubble Sort).swift in Sources */ = {isa = PBXBuildFile; fileRef = 8B2E6C0726A41D0E00321A47 /* 3. 버블정렬(Bubble Sort).swift */; };
		8B2E6C0A26A4662F00321A47 /* 4. 삽입정렬(Insertion Sort).swift in Sources */ = {isa = PBXBuildFile; fileRef = 8B2E6C0926A4662F00321A47 /* 4. 삽입정렬(Insertion Sort).swift */; };
		8B2E6C0C26A4831D00321A47 /* 5. 퀵정렬(Quick Sort).swift in Sources */ = {isa = PBXBuildFile; fileRef = 8B2E6C0B26A4831D00321A47 /* 5. 퀵정렬(Quick Sort).swift */; };
		8B5B648226D46E070055FB2D /* 11. 힙정렬(Heap Sort).cpp in Sources */ = {isa = PBXBuildFile; fileRef = 8B5B648126D46E070055FB2D /* 11. 힙정렬(Heap Sort).cpp */; };
		8B5B649126D470CF0055FB2D /* main.cpp in Sources */ = {isa = PBXBuildFile; fileRef = 8B5B649026D470CF0055FB2D /* main.cpp */; };
		8B5B649826D47AD60055FB2D /* 1.cpp in Sources */ = {isa = PBXBuildFile; fileRef = 8B5B649726D47AD60055FB2D /* 1.cpp */; };
		8B5B649A26D47AE10055FB2D /* 1.cpp in Sources */ = {isa = PBXBuildFile; fileRef = 8B5B649926D47AE10055FB2D /* 1.cpp */; };
		8B5B649D26D47B2D0055FB2D /* 1.swift in Sources */ = {isa = PBXBuildFile; fileRef = 8B5B649C26D47B2D0055FB2D /* 1.swift */; };
		8B5B649F26D47B340055FB2D /* 1.swift in Sources */ = {isa = PBXBuildFile; fileRef = 8B5B649E26D47B340055FB2D /* 1.swift */; };
/* End PBXBuildFile section */

/* Begin PBXCopyFilesBuildPhase section */
		8B2E6BEF26A16A4000321A47 /* CopyFiles */ = {
			isa = PBXCopyFilesBuildPhase;
			buildActionMask = 2147483647;
			dstPath = /usr/share/man/man1/;
			dstSubfolderSpec = 0;
			files = (
			);
			runOnlyForDeploymentPostprocessing = 1;
		};
		8B5B648526D46F010055FB2D /* CopyFiles */ = {
			isa = PBXCopyFilesBuildPhase;
			buildActionMask = 2147483647;
			dstPath = /usr/share/man/man1/;
			dstSubfolderSpec = 0;
			files = (
			);
			runOnlyForDeploymentPostprocessing = 1;
		};
/* End PBXCopyFilesBuildPhase section */

/* Begin PBXFileReference section */
		8B0C488526AEF6A700BAFAD9 /* 8. 병합정렬(Merge Sort).swift */ = {isa = PBXFileReference; lastKnownFileType = sourcecode.swift; path = "8. 병합정렬(Merge Sort).swift"; sourceTree = "<group>"; };
		8B2E6BF126A16A4000321A47 /* Algorithmn_Swift */ = {isa = PBXFileReference; explicitFileType = "compiled.mach-o.executable"; includeInIndex = 0; path = Algorithmn_Swift; sourceTree = BUILT_PRODUCTS_DIR; };
		8B2E6BF426A16A4000321A47 /* main.swift */ = {isa = PBXFileReference; lastKnownFileType = sourcecode.swift; path = main.swift; sourceTree = "<group>"; };
		8B2E6C0526A40EDE00321A47 /* 2. 선택정렬(Selection Sort).swift */ = {isa = PBXFileReference; lastKnownFileType = sourcecode.swift; path = "2. 선택정렬(Selection Sort).swift"; sourceTree = "<group>"; };
		8B2E6C0726A41D0E00321A47 /* 3. 버블정렬(Bubble Sort).swift */ = {isa = PBXFileReference; lastKnownFileType = sourcecode.swift; path = "3. 버블정렬(Bubble Sort).swift"; sourceTree = "<group>"; };
		8B2E6C0926A4662F00321A47 /* 4. 삽입정렬(Insertion Sort).swift */ = {isa = PBXFileReference; lastKnownFileType = sourcecode.swift; path = "4. 삽입정렬(Insertion Sort).swift"; sourceTree = "<group>"; };
		8B2E6C0B26A4831D00321A47 /* 5. 퀵정렬(Quick Sort).swift */ = {isa = PBXFileReference; lastKnownFileType = sourcecode.swift; path = "5. 퀵정렬(Quick Sort).swift"; sourceTree = "<group>"; };
		8B5B648126D46E070055FB2D /* 11. 힙정렬(Heap Sort).cpp */ = {isa = PBXFileReference; lastKnownFileType = sourcecode.cpp.cpp; path = "11. 힙정렬(Heap Sort).cpp"; sourceTree = "<group>"; };
		8B5B648726D46F010055FB2D /* Algorithmn_C++ */ = {isa = PBXFileReference; explicitFileType = "compiled.mach-o.executable"; includeInIndex = 0; path = "Algorithmn_C++"; sourceTree = BUILT_PRODUCTS_DIR; };
		8B5B649026D470CF0055FB2D /* main.cpp */ = {isa = PBXFileReference; lastKnownFileType = sourcecode.cpp.cpp; path = main.cpp; sourceTree = "<group>"; };
		8B5B649726D47AD60055FB2D /* 1.cpp */ = {isa = PBXFileReference; lastKnownFileType = sourcecode.cpp.cpp; path = 1.cpp; sourceTree = "<group>"; };
		8B5B649926D47AE10055FB2D /* 1.cpp */ = {isa = PBXFileReference; lastKnownFileType = sourcecode.cpp.cpp; path = 1.cpp; sourceTree = "<group>"; };
		8B5B649C26D47B2D0055FB2D /* 1.swift */ = {isa = PBXFileReference; lastKnownFileType = sourcecode.swift; path = 1.swift; sourceTree = "<group>"; };
		8B5B649E26D47B340055FB2D /* 1.swift */ = {isa = PBXFileReference; lastKnownFileType = sourcecode.swift; path = 1.swift; sourceTree = "<group>"; };
/* End PBXFileReference section */

/* Begin PBXFrameworksBuildPhase section */
		8B2E6BEE26A16A4000321A47 /* Frameworks */ = {
			isa = PBXFrameworksBuildPhase;
			buildActionMask = 2147483647;
			files = (
			);
			runOnlyForDeploymentPostprocessing = 0;
		};
		8B5B648426D46F010055FB2D /* Frameworks */ = {
			isa = PBXFrameworksBuildPhase;
			buildActionMask = 2147483647;
			files = (
			);
			runOnlyForDeploymentPostprocessing = 0;
		};
/* End PBXFrameworksBuildPhase section */

/* Begin PBXGroup section */
		8B2E6BE826A16A4000321A47 = {
			isa = PBXGroup;
			children = (
				8B5B648826D46F010055FB2D /* Algorithmn_C++ */,
				8B2E6C0226A40D5400321A47 /* Algorithmn_Swift */,
				8B2E6BF226A16A4000321A47 /* Products */,
			);
			sourceTree = "<group>";
		};
		8B2E6BF226A16A4000321A47 /* Products */ = {
			isa = PBXGroup;
			children = (
				8B2E6BF126A16A4000321A47 /* Algorithmn_Swift */,
				8B5B648726D46F010055FB2D /* Algorithmn_C++ */,
			);
			name = Products;
			sourceTree = "<group>";
		};
		8B2E6BF326A16A4000321A47 /* Main */ = {
			isa = PBXGroup;
			children = (
				8B2E6BF426A16A4000321A47 /* main.swift */,
			);
			path = Main;
			sourceTree = "<group>";
		};
		8B2E6BFD26A16BF000321A47 /* BaekJoon */ = {
			isa = PBXGroup;
			children = (
				8B2E6BFF26A2BB7500321A47 /* DataStructure */,
			);
			path = BaekJoon;
			sourceTree = "<group>";
		};
		8B2E6BFE26A16C0C00321A47 /* Programmers */ = {
			isa = PBXGroup;
			children = (
				8B5B649C26D47B2D0055FB2D /* 1.swift */,
			);
			path = Programmers;
			sourceTree = "<group>";
		};
		8B2E6BFF26A2BB7500321A47 /* DataStructure */ = {
			isa = PBXGroup;
			children = (
				8B5B649E26D47B340055FB2D /* 1.swift */,
			);
			path = DataStructure;
			sourceTree = "<group>";
		};
		8B2E6C0226A40D5400321A47 /* Algorithmn_Swift */ = {
			isa = PBXGroup;
			children = (
				8B2E6BF326A16A4000321A47 /* Main */,
				8B2E6BFD26A16BF000321A47 /* BaekJoon */,
				8B2E6BFE26A16C0C00321A47 /* Programmers */,
				8B2E6C0326A40E3A00321A47 /* Concepts */,
			);
			path = Algorithmn_Swift;
			sourceTree = "<group>";
		};
		8B2E6C0326A40E3A00321A47 /* Concepts */ = {
			isa = PBXGroup;
			children = (
				8B2E6C0426A40EA400321A47 /* Algorithmn Programming Tutorial */,
			);
			path = Concepts;
			sourceTree = "<group>";
		};
		8B2E6C0426A40EA400321A47 /* Algorithmn Programming Tutorial */ = {
			isa = PBXGroup;
			children = (
				8B2E6C0526A40EDE00321A47 /* 2. 선택정렬(Selection Sort).swift */,
				8B2E6C0726A41D0E00321A47 /* 3. 버블정렬(Bubble Sort).swift */,
				8B2E6C0926A4662F00321A47 /* 4. 삽입정렬(Insertion Sort).swift */,
				8B2E6C0B26A4831D00321A47 /* 5. 퀵정렬(Quick Sort).swift */,
				8B0C488526AEF6A700BAFAD9 /* 8. 병합정렬(Merge Sort).swift */,
			);
			path = "Algorithmn Programming Tutorial";
			sourceTree = "<group>";
		};
		8B5B648826D46F010055FB2D /* Algorithmn_C++ */ = {
			isa = PBXGroup;
			children = (
				8B5B649526D479830055FB2D /* Concepts */,
				8B5B649426D479590055FB2D /* Programmers */,
				8B5B649326D4794D0055FB2D /* BaekJoon */,
				8B5B649226D4727E0055FB2D /* Main */,
			);
			path = "Algorithmn_C++";
			sourceTree = "<group>";
		};
		8B5B649226D4727E0055FB2D /* Main */ = {
			isa = PBXGroup;
			children = (
				8B5B649026D470CF0055FB2D /* main.cpp */,
			);
			path = Main;
			sourceTree = "<group>";
		};
		8B5B649326D4794D0055FB2D /* BaekJoon */ = {
			isa = PBXGroup;
			children = (
				8B5B649B26D47B130055FB2D /* DataStructure */,
			);
			path = BaekJoon;
			sourceTree = "<group>";
		};
		8B5B649426D479590055FB2D /* Programmers */ = {
			isa = PBXGroup;
			children = (
				8B5B649926D47AE10055FB2D /* 1.cpp */,
			);
			path = Programmers;
			sourceTree = "<group>";
		};
		8B5B649526D479830055FB2D /* Concepts */ = {
			isa = PBXGroup;
			children = (
				8B5B649626D479DA0055FB2D /* Algorithmn Programming Tutorial */,
			);
			path = Concepts;
			sourceTree = "<group>";
		};
		8B5B649626D479DA0055FB2D /* Algorithmn Programming Tutorial */ = {
			isa = PBXGroup;
			children = (
				8B5B648126D46E070055FB2D /* 11. 힙정렬(Heap Sort).cpp */,
			);
			path = "Algorithmn Programming Tutorial";
			sourceTree = "<group>";
		};
		8B5B649B26D47B130055FB2D /* DataStructure */ = {
			isa = PBXGroup;
			children = (
				8B5B649726D47AD60055FB2D /* 1.cpp */,
			);
			path = DataStructure;
			sourceTree = "<group>";
		};
/* End PBXGroup section */

/* Begin PBXNativeTarget section */
		8B2E6BF026A16A4000321A47 /* Algorithmn_Swift */ = {
			isa = PBXNativeTarget;
			buildConfigurationList = 8B2E6BF826A16A4000321A47 /* Build configuration list for PBXNativeTarget "Algorithmn_Swift" */;
			buildPhases = (
				8B2E6BED26A16A4000321A47 /* Sources */,
				8B2E6BEE26A16A4000321A47 /* Frameworks */,
				8B2E6BEF26A16A4000321A47 /* CopyFiles */,
			);
			buildRules = (
			);
			dependencies = (
			);
			name = Algorithmn_Swift;
			productName = Algorithmn;
			productReference = 8B2E6BF126A16A4000321A47 /* Algorithmn_Swift */;
			productType = "com.apple.product-type.tool";
		};
		8B5B648626D46F010055FB2D /* Algorithmn_C++ */ = {
			isa = PBXNativeTarget;
			buildConfigurationList = 8B5B648B26D46F010055FB2D /* Build configuration list for PBXNativeTarget "Algorithmn_C++" */;
			buildPhases = (
				8B5B648326D46F010055FB2D /* Sources */,
				8B5B648426D46F010055FB2D /* Frameworks */,
				8B5B648526D46F010055FB2D /* CopyFiles */,
			);
			buildRules = (
			);
			dependencies = (
			);
			name = "Algorithmn_C++";
			productName = "Algorithmn_C++";
			productReference = 8B5B648726D46F010055FB2D /* Algorithmn_C++ */;
			productType = "com.apple.product-type.tool";
		};
/* End PBXNativeTarget section */

/* Begin PBXProject section */
		8B2E6BE926A16A4000321A47 /* Project object */ = {
			isa = PBXProject;
			attributes = {
				LastSwiftUpdateCheck = 1250;
				LastUpgradeCheck = 1250;
				TargetAttributes = {
					8B2E6BF026A16A4000321A47 = {
						CreatedOnToolsVersion = 12.5;
						LastSwiftMigration = 1250;
					};
					8B5B648626D46F010055FB2D = {
						CreatedOnToolsVersion = 12.5;
					};
				};
			};
			buildConfigurationList = 8B2E6BEC26A16A4000321A47 /* Build configuration list for PBXProject "Algorithmn" */;
			compatibilityVersion = "Xcode 9.3";
			developmentRegion = en;
			hasScannedForEncodings = 0;
			knownRegions = (
				en,
				Base,
			);
			mainGroup = 8B2E6BE826A16A4000321A47;
			productRefGroup = 8B2E6BF226A16A4000321A47 /* Products */;
			projectDirPath = "";
			projectRoot = "";
			targets = (
				8B2E6BF026A16A4000321A47 /* Algorithmn_Swift */,
				8B5B648626D46F010055FB2D /* Algorithmn_C++ */,
			);
		};
/* End PBXProject section */

/* Begin PBXSourcesBuildPhase section */
		8B2E6BED26A16A4000321A47 /* Sources */ = {
			isa = PBXSourcesBuildPhase;
			buildActionMask = 2147483647;
			files = (
				8B2E6C0C26A4831D00321A47 /* 5. 퀵정렬(Quick Sort).swift in Sources */,
				8B2E6C0826A41D0E00321A47 /* 3. 버블정렬(Bubble Sort).swift in Sources */,
				8B5B648226D46E070055FB2D /* 11. 힙정렬(Heap Sort).cpp in Sources */,
				8B5B649F26D47B340055FB2D /* 1.swift in Sources */,
				8B5B649D26D47B2D0055FB2D /* 1.swift in Sources */,
				8B0C488626AEF6A700BAFAD9 /* 8. 병합정렬(Merge Sort).swift in Sources */,
				8B2E6BF526A16A4000321A47 /* main.swift in Sources */,
				8B2E6C0626A40EDE00321A47 /* 2. 선택정렬(Selection Sort).swift in Sources */,
				8B2E6C0A26A4662F00321A47 /* 4. 삽입정렬(Insertion Sort).swift in Sources */,
			);
			runOnlyForDeploymentPostprocessing = 0;
		};
		8B5B648326D46F010055FB2D /* Sources */ = {
			isa = PBXSourcesBuildPhase;
			buildActionMask = 2147483647;
			files = (
				8B5B649A26D47AE10055FB2D /* 1.cpp in Sources */,
				8B5B649126D470CF0055FB2D /* main.cpp in Sources */,
				8B5B649826D47AD60055FB2D /* 1.cpp in Sources */,
			);
			runOnlyForDeploymentPostprocessing = 0;
		};
/* End PBXSourcesBuildPhase section */

/* Begin XCBuildConfiguration section */
		8B2E6BF626A16A4000321A47 /* Debug */ = {
			isa = XCBuildConfiguration;
			buildSettings = {
				ALWAYS_SEARCH_USER_PATHS = NO;
				CLANG_ANALYZER_NONNULL = YES;
				CLANG_ANALYZER_NUMBER_OBJECT_CONVERSION = YES_AGGRESSIVE;
				CLANG_CXX_LANGUAGE_STANDARD = "gnu++14";
				CLANG_CXX_LIBRARY = "libc++";
				CLANG_ENABLE_MODULES = YES;
				CLANG_ENABLE_OBJC_ARC = YES;
				CLANG_ENABLE_OBJC_WEAK = YES;
				CLANG_WARN_BLOCK_CAPTURE_AUTORELEASING = YES;
				CLANG_WARN_BOOL_CONVERSION = YES;
				CLANG_WARN_COMMA = YES;
				CLANG_WARN_CONSTANT_CONVERSION = YES;
				CLANG_WARN_DEPRECATED_OBJC_IMPLEMENTATIONS = YES;
				CLANG_WARN_DIRECT_OBJC_ISA_USAGE = YES_ERROR;
				CLANG_WARN_DOCUMENTATION_COMMENTS = YES;
				CLANG_WARN_EMPTY_BODY = YES;
				CLANG_WARN_ENUM_CONVERSION = YES;
				CLANG_WARN_INFINITE_RECURSION = YES;
				CLANG_WARN_INT_CONVERSION = YES;
				CLANG_WARN_NON_LITERAL_NULL_CONVERSION = YES;
				CLANG_WARN_OBJC_IMPLICIT_RETAIN_SELF = YES;
				CLANG_WARN_OBJC_LITERAL_CONVERSION = YES;
				CLANG_WARN_OBJC_ROOT_CLASS = YES_ERROR;
				CLANG_WARN_QUOTED_INCLUDE_IN_FRAMEWORK_HEADER = YES;
				CLANG_WARN_RANGE_LOOP_ANALYSIS = YES;
				CLANG_WARN_STRICT_PROTOTYPES = YES;
				CLANG_WARN_SUSPICIOUS_MOVE = YES;
				CLANG_WARN_UNGUARDED_AVAILABILITY = YES_AGGRESSIVE;
				CLANG_WARN_UNREACHABLE_CODE = YES;
				CLANG_WARN__DUPLICATE_METHOD_MATCH = YES;
				COPY_PHASE_STRIP = NO;
				DEBUG_INFORMATION_FORMAT = dwarf;
				ENABLE_STRICT_OBJC_MSGSEND = YES;
				ENABLE_TESTABILITY = YES;
				GCC_C_LANGUAGE_STANDARD = gnu11;
				GCC_DYNAMIC_NO_PIC = NO;
				GCC_NO_COMMON_BLOCKS = YES;
				GCC_OPTIMIZATION_LEVEL = 0;
				GCC_PREPROCESSOR_DEFINITIONS = (
					"DEBUG=1",
					"$(inherited)",
				);
				GCC_WARN_64_TO_32_BIT_CONVERSION = YES;
				GCC_WARN_ABOUT_RETURN_TYPE = YES_ERROR;
				GCC_WARN_UNDECLARED_SELECTOR = YES;
				GCC_WARN_UNINITIALIZED_AUTOS = YES_AGGRESSIVE;
				GCC_WARN_UNUSED_FUNCTION = YES;
				GCC_WARN_UNUSED_VARIABLE = YES;
				MACOSX_DEPLOYMENT_TARGET = 11.2;
				MTL_ENABLE_DEBUG_INFO = INCLUDE_SOURCE;
				MTL_FAST_MATH = YES;
				ONLY_ACTIVE_ARCH = YES;
				SDKROOT = macosx;
				SWIFT_ACTIVE_COMPILATION_CONDITIONS = DEBUG;
				SWIFT_OPTIMIZATION_LEVEL = "-Onone";
			};
			name = Debug;
		};
		8B2E6BF726A16A4000321A47 /* Release */ = {
			isa = XCBuildConfiguration;
			buildSettings = {
				ALWAYS_SEARCH_USER_PATHS = NO;
				CLANG_ANALYZER_NONNULL = YES;
				CLANG_ANALYZER_NUMBER_OBJECT_CONVERSION = YES_AGGRESSIVE;
				CLANG_CXX_LANGUAGE_STANDARD = "gnu++14";
				CLANG_CXX_LIBRARY = "libc++";
				CLANG_ENABLE_MODULES = YES;
				CLANG_ENABLE_OBJC_ARC = YES;
				CLANG_ENABLE_OBJC_WEAK = YES;
				CLANG_WARN_BLOCK_CAPTURE_AUTORELEASING = YES;
				CLANG_WARN_BOOL_CONVERSION = YES;
				CLANG_WARN_COMMA = YES;
				CLANG_WARN_CONSTANT_CONVERSION = YES;
				CLANG_WARN_DEPRECATED_OBJC_IMPLEMENTATIONS = YES;
				CLANG_WARN_DIRECT_OBJC_ISA_USAGE = YES_ERROR;
				CLANG_WARN_DOCUMENTATION_COMMENTS = YES;
				CLANG_WARN_EMPTY_BODY = YES;
				CLANG_WARN_ENUM_CONVERSION = YES;
				CLANG_WARN_INFINITE_RECURSION = YES;
				CLANG_WARN_INT_CONVERSION = YES;
				CLANG_WARN_NON_LITERAL_NULL_CONVERSION = YES;
				CLANG_WARN_OBJC_IMPLICIT_RETAIN_SELF = YES;
				CLANG_WARN_OBJC_LITERAL_CONVERSION = YES;
				CLANG_WARN_OBJC_ROOT_CLASS = YES_ERROR;
				CLANG_WARN_QUOTED_INCLUDE_IN_FRAMEWORK_HEADER = YES;
				CLANG_WARN_RANGE_LOOP_ANALYSIS = YES;
				CLANG_WARN_STRICT_PROTOTYPES = YES;
				CLANG_WARN_SUSPICIOUS_MOVE = YES;
				CLANG_WARN_UNGUARDED_AVAILABILITY = YES_AGGRESSIVE;
				CLANG_WARN_UNREACHABLE_CODE = YES;
				CLANG_WARN__DUPLICATE_METHOD_MATCH = YES;
				COPY_PHASE_STRIP = NO;
				DEBUG_INFORMATION_FORMAT = "dwarf-with-dsym";
				ENABLE_NS_ASSERTIONS = NO;
				ENABLE_STRICT_OBJC_MSGSEND = YES;
				GCC_C_LANGUAGE_STANDARD = gnu11;
				GCC_NO_COMMON_BLOCKS = YES;
				GCC_WARN_64_TO_32_BIT_CONVERSION = YES;
				GCC_WARN_ABOUT_RETURN_TYPE = YES_ERROR;
				GCC_WARN_UNDECLARED_SELECTOR = YES;
				GCC_WARN_UNINITIALIZED_AUTOS = YES_AGGRESSIVE;
				GCC_WARN_UNUSED_FUNCTION = YES;
				GCC_WARN_UNUSED_VARIABLE = YES;
				MACOSX_DEPLOYMENT_TARGET = 11.2;
				MTL_ENABLE_DEBUG_INFO = NO;
				MTL_FAST_MATH = YES;
				SDKROOT = macosx;
				SWIFT_COMPILATION_MODE = wholemodule;
				SWIFT_OPTIMIZATION_LEVEL = "-O";
			};
			name = Release;
		};
		8B2E6BF926A16A4000321A47 /* Debug */ = {
			isa = XCBuildConfiguration;
			buildSettings = {
				CLANG_ENABLE_MODULES = YES;
				CODE_SIGN_STYLE = Automatic;
				DEVELOPMENT_TEAM = 283MVWC922;
				ENABLE_HARDENED_RUNTIME = YES;
				LD_RUNPATH_SEARCH_PATHS = (
					"$(inherited)",
					"@executable_path/../Frameworks",
					"@loader_path/../Frameworks",
				);
				PRODUCT_NAME = "$(TARGET_NAME)";
				SWIFT_OPTIMIZATION_LEVEL = "-Onone";
				SWIFT_VERSION = 5.0;
			};
			name = Debug;
		};
		8B2E6BFA26A16A4000321A47 /* Release */ = {
			isa = XCBuildConfiguration;
			buildSettings = {
				CLANG_ENABLE_MODULES = YES;
				CODE_SIGN_STYLE = Automatic;
				DEVELOPMENT_TEAM = 283MVWC922;
				ENABLE_HARDENED_RUNTIME = YES;
				LD_RUNPATH_SEARCH_PATHS = (
					"$(inherited)",
					"@executable_path/../Frameworks",
					"@loader_path/../Frameworks",
				);
				PRODUCT_NAME = "$(TARGET_NAME)";
				SWIFT_VERSION = 5.0;
			};
			name = Release;
		};
		8B5B648C26D46F010055FB2D /* Debug */ = {
			isa = XCBuildConfiguration;
			buildSettings = {
				CODE_SIGN_STYLE = Automatic;
				DEVELOPMENT_TEAM = M92CLN7T7A;
				ENABLE_HARDENED_RUNTIME = YES;
				PRODUCT_NAME = "$(TARGET_NAME)";
				SWIFT_VERSION = 5.0;
			};
			name = Debug;
		};
		8B5B648D26D46F010055FB2D /* Release */ = {
			isa = XCBuildConfiguration;
			buildSettings = {
				CODE_SIGN_STYLE = Automatic;
				DEVELOPMENT_TEAM = M92CLN7T7A;
				ENABLE_HARDENED_RUNTIME = YES;
				PRODUCT_NAME = "$(TARGET_NAME)";
				SWIFT_VERSION = 5.0;
			};
			name = Release;
		};
/* End XCBuildConfiguration section */

/* Begin XCConfigurationList section */
		8B2E6BEC26A16A4000321A47 /* Build configuration list for PBXProject "Algorithmn" */ = {
			isa = XCConfigurationList;
			buildConfigurations = (
				8B2E6BF626A16A4000321A47 /* Debug */,
				8B2E6BF726A16A4000321A47 /* Release */,
			);
			defaultConfigurationIsVisible = 0;
			defaultConfigurationName = Release;
		};
		8B2E6BF826A16A4000321A47 /* Build configuration list for PBXNativeTarget "Algorithmn_Swift" */ = {
			isa = XCConfigurationList;
			buildConfigurations = (
				8B2E6BF926A16A4000321A47 /* Debug */,
				8B2E6BFA26A16A4000321A47 /* Release */,
			);
			defaultConfigurationIsVisible = 0;
			defaultConfigurationName = Release;
		};
		8B5B648B26D46F010055FB2D /* Build configuration list for PBXNativeTarget "Algorithmn_C++" */ = {
			isa = XCConfigurationList;
			buildConfigurations = (
				8B5B648C26D46F010055FB2D /* Debug */,
				8B5B648D26D46F010055FB2D /* Release */,
			);
			defaultConfigurationIsVisible = 0;
			defaultConfigurationName = Release;
		};
/* End XCConfigurationList section */
	};
	rootObject = 8B2E6BE926A16A4000321A47 /* Project object */;
}
